
Microsoft Visual Studio Solution File, Format Version 12.00
# Visual Studio Version 16
VisualStudioVersion = 16.0.31624.102
MinimumVisualStudioVersion = 10.0.40219.1
Project("{FAE04EC0-301F-11D3-BF4B-00C04F79EFBC}") = "Shobu.Android", "Shobu\Shobu.Android\Shobu.Android.csproj", "{EAEAA47D-C08C-4B19-BD61-ACD2596D17E6}"
EndProject
Project("{9A19103F-16F7-4668-BE54-9A1E7A4F7556}") = "Shobu", "Shobu\Shobu\Shobu.csproj", "{821BF9BD-A9C7-4F58-A22D-C96C6F527EAD}"
EndProject
Project("{9A19103F-16F7-4668-BE54-9A1E7A4F7556}") = "Shobu.ViewModel", "Shobu.ViewModel\Shobu.ViewModel.csproj", "{6580FFEB-B502-43D7-AD85-CB25D8B0B814}"
EndProject
Project("{9A19103F-16F7-4668-BE54-9A1E7A4F7556}") = "Shobu.Model", "Shobu.Model\Shobu.Model.csproj", "{98E98470-7966-491B-B295-3292637F78FE}"
EndProject
Project("{2150E333-8FDC-42A3-9474-1A3956D46DE8}") = "View", "View", "{5E27AA01-CE9A-417C-8E02-7264646C335E}"
EndProject
Project("{FAE04EC0-301F-11D3-BF4B-00C04F79EFBC}") = "Shobu.Persistence", "Shobu.Persistence\Shobu.Persistence.csproj", "{0B6D1610-1DE5-42CB-8706-16D1C13288A9}"
EndProject
Global
	GlobalSection(SolutionConfigurationPlatforms) = preSolution
		Debug|Any CPU = Debug|Any CPU
		Debug|ARM = Debug|ARM
		Debug|x64 = Debug|x64
		Debug|x86 = Debug|x86
		Release|Any CPU = Release|Any CPU
		Release|ARM = Release|ARM
		Release|x64 = Release|x64
		Release|x86 = Release|x86
	EndGlobalSection
	GlobalSection(ProjectConfigurationPlatforms) = postSolution
		{EAEAA47D-C08C-4B19-BD61-ACD2596D17E6}.Debug|Any CPU.ActiveCfg = Debug|Any CPU
		{EAEAA47D-C08C-4B19-BD61-ACD2596D17E6}.Debug|Any CPU.Build.0 = Debug|Any CPU
		{EAEAA47D-C08C-4B19-BD61-ACD2596D17E6}.Debug|Any CPU.Deploy.0 = Debug|Any CPU
		{EAEAA47D-C08C-4B19-BD61-ACD2596D17E6}.Debug|ARM.ActiveCfg = Debug|Any CPU
		{EAEAA47D-C08C-4B19-BD61-ACD2596D17E6}.Debug|ARM.Build.0 = Debug|Any CPU
		{EAEAA47D-C08C-4B19-BD61-ACD2596D17E6}.Debug|ARM.Deploy.0 = Debug|Any CPU
		{EAEAA47D-C08C-4B19-BD61-ACD2596D17E6}.Debug|x64.ActiveCfg = Debug|Any CPU
		{EAEAA47D-C08C-4B19-BD61-ACD2596D17E6}.Debug|x64.Build.0 = Debug|Any CPU
		{EAEAA47D-C08C-4B19-BD61-ACD2596D17E6}.Debug|x64.Deploy.0 = Debug|Any CPU
		{EAEAA47D-C08C-4B19-BD61-ACD2596D17E6}.Debug|x86.ActiveCfg = Debug|Any CPU
		{EAEAA47D-C08C-4B19-BD61-ACD2596D17E6}.Debug|x86.Build.0 = Debug|Any CPU
		{EAEAA47D-C08C-4B19-BD61-ACD2596D17E6}.Debug|x86.Deploy.0 = Debug|Any CPU
		{EAEAA47D-C08C-4B19-BD61-ACD2596D17E6}.Release|Any CPU.ActiveCfg = Release|Any CPU
		{EAEAA47D-C08C-4B19-BD61-ACD2596D17E6}.Release|Any CPU.Build.0 = Release|Any CPU
		{EAEAA47D-C08C-4B19-BD61-ACD2596D17E6}.Release|Any CPU.Deploy.0 = Release|Any CPU
		{EAEAA47D-C08C-4B19-BD61-ACD2596D17E6}.Release|ARM.ActiveCfg = Release|Any CPU
		{EAEAA47D-C08C-4B19-BD61-ACD2596D17E6}.Release|ARM.Build.0 = Release|Any CPU
		{EAEAA47D-C08C-4B19-BD61-ACD2596D17E6}.Release|ARM.Deploy.0 = Release|Any CPU
		{EAEAA47D-C08C-4B19-BD61-ACD2596D17E6}.Release|x64.ActiveCfg = Release|Any CPU
		{EAEAA47D-C08C-4B19-BD61-ACD2596D17E6}.Release|x64.Build.0 = Release|Any CPU
		{EAEAA47D-C08C-4B19-BD61-ACD2596D17E6}.Release|x64.Deploy.0 = Release|Any CPU
		{EAEAA47D-C08C-4B19-BD61-ACD2596D17E6}.Release|x86.ActiveCfg = Release|Any CPU
		{EAEAA47D-C08C-4B19-BD61-ACD2596D17E6}.Release|x86.Build.0 = Release|Any CPU
		{EAEAA47D-C08C-4B19-BD61-ACD2596D17E6}.Release|x86.Deploy.0 = Release|Any CPU
		{821BF9BD-A9C7-4F58-A22D-C96C6F527EAD}.Debug|Any CPU.ActiveCfg = Debug|Any CPU
		{821BF9BD-A9C7-4F58-A22D-C96C6F527EAD}.Debug|Any CPU.Build.0 = Debug|Any CPU
		{821BF9BD-A9C7-4F58-A22D-C96C6F527EAD}.Debug|Any CPU.Deploy.0 = Debug|Any CPU
		{821BF9BD-A9C7-4F58-A22D-C96C6F527EAD}.Debug|ARM.ActiveCfg = Debug|Any CPU
		{821BF9BD-A9C7-4F58-A22D-C96C6F527EAD}.Debug|ARM.Build.0 = Debug|Any CPU
		{821BF9BD-A9C7-4F58-A22D-C96C6F527EAD}.Debug|ARM.Deploy.0 = Debug|Any CPU
		{821BF9BD-A9C7-4F58-A22D-C96C6F527EAD}.Debug|x64.ActiveCfg = Debug|Any CPU
		{821BF9BD-A9C7-4F58-A22D-C96C6F527EAD}.Debug|x64.Build.0 = Debug|Any CPU
		{821BF9BD-A9C7-4F58-A22D-C96C6F527EAD}.Debug|x64.Deploy.0 = Debug|Any CPU
		{821BF9BD-A9C7-4F58-A22D-C96C6F527EAD}.Debug|x86.ActiveCfg = Debug|Any CPU
		{821BF9BD-A9C7-4F58-A22D-C96C6F527EAD}.Debug|x86.Build.0 = Debug|Any CPU
		{821BF9BD-A9C7-4F58-A22D-C96C6F527EAD}.Debug|x86.Deploy.0 = Debug|Any CPU
		{821BF9BD-A9C7-4F58-A22D-C96C6F527EAD}.Release|Any CPU.ActiveCfg = Release|Any CPU
		{821BF9BD-A9C7-4F58-A22D-C96C6F527EAD}.Release|Any CPU.Build.0 = Release|Any CPU
		{821BF9BD-A9C7-4F58-A22D-C96C6F527EAD}.Release|Any CPU.Deploy.0 = Release|Any CPU
		{821BF9BD-A9C7-4F58-A22D-C96C6F527EAD}.Release|ARM.ActiveCfg = Release|Any CPU
		{821BF9BD-A9C7-4F58-A22D-C96C6F527EAD}.Release|ARM.Build.0 = Release|Any CPU
		{821BF9BD-A9C7-4F58-A22D-C96C6F527EAD}.Release|ARM.Deploy.0 = Release|Any CPU
		{821BF9BD-A9C7-4F58-A22D-C96C6F527EAD}.Release|x64.ActiveCfg = Release|Any CPU
		{821BF9BD-A9C7-4F58-A22D-C96C6F527EAD}.Release|x64.Build.0 = Release|Any CPU
		{821BF9BD-A9C7-4F58-A22D-C96C6F527EAD}.Release|x64.Deploy.0 = Release|Any CPU
		{821BF9BD-A9C7-4F58-A22D-C96C6F527EAD}.Release|x86.ActiveCfg = Release|Any CPU
		{821BF9BD-A9C7-4F58-A22D-C96C6F527EAD}.Release|x86.Build.0 = Release|Any CPU
		{821BF9BD-A9C7-4F58-A22D-C96C6F527EAD}.Release|x86.Deploy.0 = Release|Any CPU
		{6580FFEB-B502-43D7-AD85-CB25D8B0B814}.Debug|Any CPU.ActiveCfg = Debug|Any CPU
		{6580FFEB-B502-43D7-AD85-CB25D8B0B814}.Debug|Any CPU.Build.0 = Debug|Any CPU
		{6580FFEB-B502-43D7-AD85-CB25D8B0B814}.Debug|ARM.ActiveCfg = Debug|Any CPU
		{6580FFEB-B502-43D7-AD85-CB25D8B0B814}.Debug|ARM.Build.0 = Debug|Any CPU
		{6580FFEB-B502-43D7-AD85-CB25D8B0B814}.Debug|x64.ActiveCfg = Debug|Any CPU
		{6580FFEB-B502-43D7-AD85-CB25D8B0B814}.Debug|x64.Build.0 = Debug|Any CPU
		{6580FFEB-B502-43D7-AD85-CB25D8B0B814}.Debug|x86.ActiveCfg = Debug|Any CPU
		{6580FFEB-B502-43D7-AD85-CB25D8B0B814}.Debug|x86.Build.0 = Debug|Any CPU
		{6580FFEB-B502-43D7-AD85-CB25D8B0B814}.Release|Any CPU.ActiveCfg = Release|Any CPU
		{6580FFEB-B502-43D7-AD85-CB25D8B0B814}.Release|Any CPU.Build.0 = Release|Any CPU
		{6580FFEB-B502-43D7-AD85-CB25D8B0B814}.Release|ARM.ActiveCfg = Release|Any CPU
		{6580FFEB-B502-43D7-AD85-CB25D8B0B814}.Release|ARM.Build.0 = Release|Any CPU
		{6580FFEB-B502-43D7-AD85-CB25D8B0B814}.Release|x64.ActiveCfg = Release|Any CPU
		{6580FFEB-B502-43D7-AD85-CB25D8B0B814}.Release|x64.Build.0 = Release|Any CPU
		{6580FFEB-B502-43D7-AD85-CB25D8B0B814}.Release|x86.ActiveCfg = Release|Any CPU
		{6580FFEB-B502-43D7-AD85-CB25D8B0B814}.Release|x86.Build.0 = Release|Any CPU
		{98E98470-7966-491B-B295-3292637F78FE}.Debug|Any CPU.ActiveCfg = Debug|Any CPU
		{98E98470-7966-491B-B295-3292637F78FE}.Debug|Any CPU.Build.0 = Debug|Any CPU
		{98E98470-7966-491B-B295-3292637F78FE}.Debug|ARM.ActiveCfg = Debug|Any CPU
		{98E98470-7966-491B-B295-3292637F78FE}.Debug|ARM.Build.0 = Debug|Any CPU
		{98E98470-7966-491B-B295-3292637F78FE}.Debug|x64.ActiveCfg = Debug|Any CPU
		{98E98470-7966-491B-B295-3292637F78FE}.Debug|x64.Build.0 = Debug|Any CPU
		{98E98470-7966-491B-B295-3292637F78FE}.Debug|x86.ActiveCfg = Debug|Any CPU
		{98E98470-7966-491B-B295-3292637F78FE}.Debug|x86.Build.0 = Debug|Any CPU
		{98E98470-7966-491B-B295-3292637F78FE}.Release|Any CPU.ActiveCfg = Release|Any CPU
		{98E98470-7966-491B-B295-3292637F78FE}.Release|Any CPU.Build.0 = Release|Any CPU
		{98E98470-7966-491B-B295-3292637F78FE}.Release|ARM.ActiveCfg = Release|Any CPU
		{98E98470-7966-491B-B295-3292637F78FE}.Release|ARM.Build.0 = Release|Any CPU
		{98E98470-7966-491B-B295-3292637F78FE}.Release|x64.ActiveCfg = Release|Any CPU
		{98E98470-7966-491B-B295-3292637F78FE}.Release|x64.Build.0 = Release|Any CPU
		{98E98470-7966-491B-B295-3292637F78FE}.Release|x86.ActiveCfg = Release|Any CPU
		{98E98470-7966-491B-B295-3292637F78FE}.Release|x86.Build.0 = Release|Any CPU
		{0B6D1610-1DE5-42CB-8706-16D1C13288A9}.Debug|Any CPU.ActiveCfg = Debug|Any CPU
		{0B6D1610-1DE5-42CB-8706-16D1C13288A9}.Debug|Any CPU.Build.0 = Debug|Any CPU
		{0B6D1610-1DE5-42CB-8706-16D1C13288A9}.Debug|ARM.ActiveCfg = Debug|Any CPU
		{0B6D1610-1DE5-42CB-8706-16D1C13288A9}.Debug|ARM.Build.0 = Debug|Any CPU
		{0B6D1610-1DE5-42CB-8706-16D1C13288A9}.Debug|x64.ActiveCfg = Debug|Any CPU
		{0B6D1610-1DE5-42CB-8706-16D1C13288A9}.Debug|x64.Build.0 = Debug|Any CPU
		{0B6D1610-1DE5-42CB-8706-16D1C13288A9}.Debug|x86.ActiveCfg = Debug|Any CPU
		{0B6D1610-1DE5-42CB-8706-16D1C13288A9}.Debug|x86.Build.0 = Debug|Any CPU
		{0B6D1610-1DE5-42CB-8706-16D1C13288A9}.Release|Any CPU.ActiveCfg = Release|Any CPU
		{0B6D1610-1DE5-42CB-8706-16D1C13288A9}.Release|Any CPU.Build.0 = Release|Any CPU
		{0B6D1610-1DE5-42CB-8706-16D1C13288A9}.Release|ARM.ActiveCfg = Release|Any CPU
		{0B6D1610-1DE5-42CB-8706-16D1C13288A9}.Release|ARM.Build.0 = Release|Any CPU
		{0B6D1610-1DE5-42CB-8706-16D1C13288A9}.Release|x64.ActiveCfg = Release|Any CPU
		{0B6D1610-1DE5-42CB-8706-16D1C13288A9}.Release|x64.Build.0 = Release|Any CPU
		{0B6D1610-1DE5-42CB-8706-16D1C13288A9}.Release|x86.ActiveCfg = Release|Any CPU
		{0B6D1610-1DE5-42CB-8706-16D1C13288A9}.Release|x86.Build.0 = Release|Any CPU
	EndGlobalSection
	GlobalSection(SolutionProperties) = preSolution
		HideSolutionNode = FALSE
	EndGlobalSection
	GlobalSection(NestedProjects) = preSolution
		{EAEAA47D-C08C-4B19-BD61-ACD2596D17E6} = {5E27AA01-CE9A-417C-8E02-7264646C335E}
		{821BF9BD-A9C7-4F58-A22D-C96C6F527EAD} = {5E27AA01-CE9A-417C-8E02-7264646C335E}
	EndGlobalSection
	GlobalSection(ExtensibilityGlobals) = postSolution
		SolutionGuid = {7B777566-6C8E-42C9-8CF8-48D7332367D7}
	EndGlobalSection
EndGlobal
